
Microsoft Visual Studio Solution File, Format Version 10.00
# Visual Studio 2008
Project("{8BC9CEB8-8B4A-11D0-8D11-00A0C91BC942}") = "frustum_demo", "frustum_demo\frustum_demo.vcproj", "{C9CD1987-D6DF-41A0-9673-C2DC3EA0BF8F}"
EndProject
Global
	GlobalSection(SolutionConfigurationPlatforms) = preSolution
		Debug|Win32 = Debug|Win32
		Release|Win32 = Release|Win32
	EndGlobalSection
	GlobalSection(ProjectConfigurationPlatforms) = postSolution
		{C9CD1987-D6DF-41A0-9673-C2DC3EA0BF8F}.Debug|Win32.ActiveCfg = Release|Win32
		{C9CD1987-D6DF-41A0-9673-C2DC3EA0BF8F}.Debug|Win32.Build.0 = Release|Win32
		{C9CD1987-D6DF-41A0-9673-C2DC3EA0BF8F}.Release|Win32.ActiveCfg = Release|Win32
		{C9CD1987-D6DF-41A0-9673-C2DC3EA0BF8F}.Release|Win32.Build.0 = Release|Win32
	EndGlobalSection
	GlobalSection(SolutionProperties) = preSolution
		HideSolutionNode = FALSE
	EndGlobalSection
EndGlobal
